
Microsoft Visual Studio Solution File, Format Version 12.00
# Visual Studio Version 16
VisualStudioVersion = 16.0.30804.86
MinimumVisualStudioVersion = 10.0.40219.1
Project("{FAE04EC0-301F-11D3-BF4B-00C04F79EFBC}") = "3", "3\3.csproj", "{B9AA7368-1382-4163-87DD-FAC5C0F19014}"
EndProject
Global
	GlobalSection(SolutionConfigurationPlatforms) = preSolution
		Debug|Any CPU = Debug|Any CPU
		Release|Any CPU = Release|Any CPU
	EndGlobalSection
	GlobalSection(ProjectConfigurationPlatforms) = postSolution
		{B9AA7368-1382-4163-87DD-FAC5C0F19014}.Debug|Any CPU.ActiveCfg = Debug|Any CPU
		{B9AA7368-1382-4163-87DD-FAC5C0F19014}.Debug|Any CPU.Build.0 = Debug|Any CPU
		{B9AA7368-1382-4163-87DD-FAC5C0F19014}.Release|Any CPU.ActiveCfg = Release|Any CPU
		{B9AA7368-1382-4163-87DD-FAC5C0F19014}.Release|Any CPU.Build.0 = Release|Any CPU
	EndGlobalSection
	GlobalSection(SolutionProperties) = preSolution
		HideSolutionNode = FALSE
	EndGlobalSection
	GlobalSection(ExtensibilityGlobals) = postSolution
		SolutionGuid = {A16337AA-7ABB-405E-9186-B96D3E47BB7F}
	EndGlobalSection
EndGlobal
